
Microsoft Visual Studio Solution File, Format Version 12.00
# Visual Studio Version 17
VisualStudioVersion = 17.2.32516.85
MinimumVisualStudioVersion = 10.0.40219.1
Project("{9A19103F-16F7-4668-BE54-9A1E7A4F7556}") = "TariffComparison", "TariffComparison\TariffComparison.csproj", "{B91CB200-58D0-4BE4-8CAC-73888906C2D6}"
EndProject
Project("{FAE04EC0-301F-11D3-BF4B-00C04F79EFBC}") = "TariffComparison.UnitTests", "TariffComparison.UnitTests\TariffComparison.UnitTests.csproj", "{3E9FCD84-1BC4-4D38-A154-0FE62A487246}"
EndProject
Project("{FAE04EC0-301F-11D3-BF4B-00C04F79EFBC}") = "TariffComparison.FunctionalTests", "TariffComparison.FunctionalTests\TariffComparison.FunctionalTests.csproj", "{995A9F2C-7AE7-4FA7-BC23-07BF8C1DBBF2}"
EndProject
Global
	GlobalSection(SolutionConfigurationPlatforms) = preSolution
		Debug|Any CPU = Debug|Any CPU
		Release|Any CPU = Release|Any CPU
	EndGlobalSection
	GlobalSection(ProjectConfigurationPlatforms) = postSolution
		{B91CB200-58D0-4BE4-8CAC-73888906C2D6}.Debug|Any CPU.ActiveCfg = Debug|Any CPU
		{B91CB200-58D0-4BE4-8CAC-73888906C2D6}.Debug|Any CPU.Build.0 = Debug|Any CPU
		{B91CB200-58D0-4BE4-8CAC-73888906C2D6}.Release|Any CPU.ActiveCfg = Release|Any CPU
		{B91CB200-58D0-4BE4-8CAC-73888906C2D6}.Release|Any CPU.Build.0 = Release|Any CPU
		{3E9FCD84-1BC4-4D38-A154-0FE62A487246}.Debug|Any CPU.ActiveCfg = Debug|Any CPU
		{3E9FCD84-1BC4-4D38-A154-0FE62A487246}.Debug|Any CPU.Build.0 = Debug|Any CPU
		{3E9FCD84-1BC4-4D38-A154-0FE62A487246}.Release|Any CPU.ActiveCfg = Release|Any CPU
		{3E9FCD84-1BC4-4D38-A154-0FE62A487246}.Release|Any CPU.Build.0 = Release|Any CPU
		{995A9F2C-7AE7-4FA7-BC23-07BF8C1DBBF2}.Debug|Any CPU.ActiveCfg = Debug|Any CPU
		{995A9F2C-7AE7-4FA7-BC23-07BF8C1DBBF2}.Debug|Any CPU.Build.0 = Debug|Any CPU
		{995A9F2C-7AE7-4FA7-BC23-07BF8C1DBBF2}.Release|Any CPU.ActiveCfg = Release|Any CPU
		{995A9F2C-7AE7-4FA7-BC23-07BF8C1DBBF2}.Release|Any CPU.Build.0 = Release|Any CPU
	EndGlobalSection
	GlobalSection(SolutionProperties) = preSolution
		HideSolutionNode = FALSE
	EndGlobalSection
	GlobalSection(ExtensibilityGlobals) = postSolution
		SolutionGuid = {1FE24626-0AEE-49A3-8531-2104187FE8E1}
	EndGlobalSection
EndGlobal
